
Microsoft Visual Studio Solution File, Format Version 12.00
# Visual Studio Version 16
VisualStudioVersion = 16.0.30523.141
MinimumVisualStudioVersion = 10.0.40219.1
Project("{FAE04EC0-301F-11D3-BF4B-00C04F79EFBC}") = "VLADFOM.StationBuilder3D.clslib", "VLADFOM.StationBuilder3D.clslib\VLADFOM.StationBuilder3D.clslib.csproj", "{A3DDBF8A-3EBE-4FAB-8F4B-0D974163B571}"
EndProject
Project("{FAE04EC0-301F-11D3-BF4B-00C04F79EFBC}") = "VLADFOM.StationBuider3D.TestApp", "VLADFOM.StationBuider3D.TestApp\VLADFOM.StationBuider3D.TestApp.csproj", "{819E0A17-8405-435C-ABAC-BC90F5EB6CA6}"
EndProject
Project("{FAE04EC0-301F-11D3-BF4B-00C04F79EFBC}") = "VLADFOM.StationBuilder3D.Addin", "VLADFOM.StationBuilder3D.Addin\VLADFOM.StationBuilder3D.Addin.csproj", "{71A227AC-E266-44FE-BED8-77C159F6F646}"
EndProject
Global
	GlobalSection(SolutionConfigurationPlatforms) = preSolution
		Debug|Any CPU = Debug|Any CPU
		Release|Any CPU = Release|Any CPU
	EndGlobalSection
	GlobalSection(ProjectConfigurationPlatforms) = postSolution
		{A3DDBF8A-3EBE-4FAB-8F4B-0D974163B571}.Debug|Any CPU.ActiveCfg = Debug|Any CPU
		{A3DDBF8A-3EBE-4FAB-8F4B-0D974163B571}.Debug|Any CPU.Build.0 = Debug|Any CPU
		{A3DDBF8A-3EBE-4FAB-8F4B-0D974163B571}.Release|Any CPU.ActiveCfg = Release|Any CPU
		{A3DDBF8A-3EBE-4FAB-8F4B-0D974163B571}.Release|Any CPU.Build.0 = Release|Any CPU
		{819E0A17-8405-435C-ABAC-BC90F5EB6CA6}.Debug|Any CPU.ActiveCfg = Debug|Any CPU
		{819E0A17-8405-435C-ABAC-BC90F5EB6CA6}.Debug|Any CPU.Build.0 = Debug|Any CPU
		{819E0A17-8405-435C-ABAC-BC90F5EB6CA6}.Release|Any CPU.ActiveCfg = Release|Any CPU
		{819E0A17-8405-435C-ABAC-BC90F5EB6CA6}.Release|Any CPU.Build.0 = Release|Any CPU
		{71A227AC-E266-44FE-BED8-77C159F6F646}.Debug|Any CPU.ActiveCfg = Debug|Any CPU
		{71A227AC-E266-44FE-BED8-77C159F6F646}.Debug|Any CPU.Build.0 = Debug|Any CPU
		{71A227AC-E266-44FE-BED8-77C159F6F646}.Release|Any CPU.ActiveCfg = Release|Any CPU
		{71A227AC-E266-44FE-BED8-77C159F6F646}.Release|Any CPU.Build.0 = Release|Any CPU
	EndGlobalSection
	GlobalSection(SolutionProperties) = preSolution
		HideSolutionNode = FALSE
	EndGlobalSection
	GlobalSection(ExtensibilityGlobals) = postSolution
		SolutionGuid = {B6E5CCE9-6FF8-4D24-AA8C-B0C3931245B4}
	EndGlobalSection
EndGlobal
